// !$*UTF8*$!
{
	archiveVersion = 1;
	classes = {
	};
	objectVersion = 56;
	objects = {

/* Begin PBXBuildFile section */
		D32D0F1C29E7A60200B6F720 /* AppDelegate.swift in Sources */ = {isa = PBXBuildFile; fileRef = D32D0F1B29E7A60200B6F720 /* AppDelegate.swift */; };
		D32D0F1E29E7A60200B6F720 /* SceneDelegate.swift in Sources */ = {isa = PBXBuildFile; fileRef = D32D0F1D29E7A60200B6F720 /* SceneDelegate.swift */; };
		D32D0F2029E7A60200B6F720 /* ViewController.swift in Sources */ = {isa = PBXBuildFile; fileRef = D32D0F1F29E7A60200B6F720 /* ViewController.swift */; };
		D32D0F2329E7A60200B6F720 /* Main.storyboard in Resources */ = {isa = PBXBuildFile; fileRef = D32D0F2129E7A60200B6F720 /* Main.storyboard */; };
		D32D0F2529E7A60300B6F720 /* Assets.xcassets in Resources */ = {isa = PBXBuildFile; fileRef = D32D0F2429E7A60300B6F720 /* Assets.xcassets */; };
		D32D0F2829E7A60300B6F720 /* LaunchScreen.storyboard in Resources */ = {isa = PBXBuildFile; fileRef = D32D0F2629E7A60300B6F720 /* LaunchScreen.storyboard */; };
		D32D0F3329E7A60300B6F720 /* YoutubeHomeTests.swift in Sources */ = {isa = PBXBuildFile; fileRef = D32D0F3229E7A60300B6F720 /* YoutubeHomeTests.swift */; };
		D32D0F3D29E7A60300B6F720 /* YoutubeHomeUITests.swift in Sources */ = {isa = PBXBuildFile; fileRef = D32D0F3C29E7A60300B6F720 /* YoutubeHomeUITests.swift */; };
		D32D0F3F29E7A60300B6F720 /* YoutubeHomeUITestsLaunchTests.swift in Sources */ = {isa = PBXBuildFile; fileRef = D32D0F3E29E7A60300B6F720 /* YoutubeHomeUITestsLaunchTests.swift */; };
		D32D0F4C29E7A7B000B6F720 /* HomeScreen.swift in Sources */ = {isa = PBXBuildFile; fileRef = D32D0F4B29E7A7B000B6F720 /* HomeScreen.swift */; };
/* End PBXBuildFile section */

/* Begin PBXContainerItemProxy section */
		D32D0F2F29E7A60300B6F720 /* PBXContainerItemProxy */ = {
			isa = PBXContainerItemProxy;
			containerPortal = D32D0F1029E7A60200B6F720 /* Project object */;
			proxyType = 1;
			remoteGlobalIDString = D32D0F1729E7A60200B6F720;
			remoteInfo = YoutubeHome;
		};
		D32D0F3929E7A60300B6F720 /* PBXContainerItemProxy */ = {
			isa = PBXContainerItemProxy;
			containerPortal = D32D0F1029E7A60200B6F720 /* Project object */;
			proxyType = 1;
			remoteGlobalIDString = D32D0F1729E7A60200B6F720;
			remoteInfo = YoutubeHome;
		};
/* End PBXContainerItemProxy section */

/* Begin PBXFileReference section */
		D32D0F1829E7A60200B6F720 /* YoutubeHome.app */ = {isa = PBXFileReference; explicitFileType = wrapper.application; includeInIndex = 0; path = YoutubeHome.app; sourceTree = BUILT_PRODUCTS_DIR; };
		D32D0F1B29E7A60200B6F720 /* AppDelegate.swift */ = {isa = PBXFileReference; lastKnownFileType = sourcecode.swift; path = AppDelegate.swift; sourceTree = "<group>"; };
		D32D0F1D29E7A60200B6F720 /* SceneDelegate.swift */ = {isa = PBXFileReference; lastKnownFileType = sourcecode.swift; path = SceneDelegate.swift; sourceTree = "<group>"; };
		D32D0F1F29E7A60200B6F720 /* ViewController.swift */ = {isa = PBXFileReference; lastKnownFileType = sourcecode.swift; path = ViewController.swift; sourceTree = "<group>"; };
		D32D0F2229E7A60200B6F720 /* Base */ = {isa = PBXFileReference; lastKnownFileType = file.storyboard; name = Base; path = Base.lproj/Main.storyboard; sourceTree = "<group>"; };
		D32D0F2429E7A60300B6F720 /* Assets.xcassets */ = {isa = PBXFileReference; lastKnownFileType = folder.assetcatalog; path = Assets.xcassets; sourceTree = "<group>"; };
		D32D0F2729E7A60300B6F720 /* Base */ = {isa = PBXFileReference; lastKnownFileType = file.storyboard; name = Base; path = Base.lproj/LaunchScreen.storyboard; sourceTree = "<group>"; };
		D32D0F2929E7A60300B6F720 /* Info.plist */ = {isa = PBXFileReference; lastKnownFileType = text.plist.xml; path = Info.plist; sourceTree = "<group>"; };
		D32D0F2E29E7A60300B6F720 /* YoutubeHomeTests.xctest */ = {isa = PBXFileReference; explicitFileType = wrapper.cfbundle; includeInIndex = 0; path = YoutubeHomeTests.xctest; sourceTree = BUILT_PRODUCTS_DIR; };
		D32D0F3229E7A60300B6F720 /* YoutubeHomeTests.swift */ = {isa = PBXFileReference; lastKnownFileType = sourcecode.swift; path = YoutubeHomeTests.swift; sourceTree = "<group>"; };
		D32D0F3829E7A60300B6F720 /* YoutubeHomeUITests.xctest */ = {isa = PBXFileReference; explicitFileType = wrapper.cfbundle; includeInIndex = 0; path = YoutubeHomeUITests.xctest; sourceTree = BUILT_PRODUCTS_DIR; };
		D32D0F3C29E7A60300B6F720 /* YoutubeHomeUITests.swift */ = {isa = PBXFileReference; lastKnownFileType = sourcecode.swift; path = YoutubeHomeUITests.swift; sourceTree = "<group>"; };
		D32D0F3E29E7A60300B6F720 /* YoutubeHomeUITestsLaunchTests.swift */ = {isa = PBXFileReference; lastKnownFileType = sourcecode.swift; path = YoutubeHomeUITestsLaunchTests.swift; sourceTree = "<group>"; };
		D32D0F4B29E7A7B000B6F720 /* HomeScreen.swift */ = {isa = PBXFileReference; lastKnownFileType = sourcecode.swift; path = HomeScreen.swift; sourceTree = "<group>"; };
/* End PBXFileReference section */

/* Begin PBXFrameworksBuildPhase section */
		D32D0F1529E7A60200B6F720 /* Frameworks */ = {
			isa = PBXFrameworksBuildPhase;
			buildActionMask = 2147483647;
			files = (
			);
			runOnlyForDeploymentPostprocessing = 0;
		};
		D32D0F2B29E7A60300B6F720 /* Frameworks */ = {
			isa = PBXFrameworksBuildPhase;
			buildActionMask = 2147483647;
			files = (
			);
			runOnlyForDeploymentPostprocessing = 0;
		};
		D32D0F3529E7A60300B6F720 /* Frameworks */ = {
			isa = PBXFrameworksBuildPhase;
			buildActionMask = 2147483647;
			files = (
			);
			runOnlyForDeploymentPostprocessing = 0;
		};
/* End PBXFrameworksBuildPhase section */

/* Begin PBXGroup section */
		D32D0F0F29E7A60200B6F720 = {
			isa = PBXGroup;
			children = (
				D32D0F1A29E7A60200B6F720 /* YoutubeHome */,
				D32D0F3129E7A60300B6F720 /* YoutubeHomeTests */,
				D32D0F3B29E7A60300B6F720 /* YoutubeHomeUITests */,
				D32D0F1929E7A60200B6F720 /* Products */,
			);
			sourceTree = "<group>";
		};
		D32D0F1929E7A60200B6F720 /* Products */ = {
			isa = PBXGroup;
			children = (
				D32D0F1829E7A60200B6F720 /* YoutubeHome.app */,
				D32D0F2E29E7A60300B6F720 /* YoutubeHomeTests.xctest */,
				D32D0F3829E7A60300B6F720 /* YoutubeHomeUITests.xctest */,
			);
			name = Products;
			sourceTree = "<group>";
		};
		D32D0F1A29E7A60200B6F720 /* YoutubeHome */ = {
			isa = PBXGroup;
			children = (
				D32D0F1B29E7A60200B6F720 /* AppDelegate.swift */,
				D32D0F1D29E7A60200B6F720 /* SceneDelegate.swift */,
				D32D0F1F29E7A60200B6F720 /* ViewController.swift */,
				D32D0F2129E7A60200B6F720 /* Main.storyboard */,
				D32D0F2429E7A60300B6F720 /* Assets.xcassets */,
				D32D0F2629E7A60300B6F720 /* LaunchScreen.storyboard */,
				D32D0F2929E7A60300B6F720 /* Info.plist */,
				D32D0F4B29E7A7B000B6F720 /* HomeScreen.swift */,
			);
			path = YoutubeHome;
			sourceTree = "<group>";
		};
		D32D0F3129E7A60300B6F720 /* YoutubeHomeTests */ = {
			isa = PBXGroup;
			children = (
				D32D0F3229E7A60300B6F720 /* YoutubeHomeTests.swift */,
			);
			path = YoutubeHomeTests;
			sourceTree = "<group>";
		};
		D32D0F3B29E7A60300B6F720 /* YoutubeHomeUITests */ = {
			isa = PBXGroup;
			children = (
				D32D0F3C29E7A60300B6F720 /* YoutubeHomeUITests.swift */,
				D32D0F3E29E7A60300B6F720 /* YoutubeHomeUITestsLaunchTests.swift */,
			);
			path = YoutubeHomeUITests;
			sourceTree = "<group>";
		};
/* End PBXGroup section */

/* Begin PBXNativeTarget section */
		D32D0F1729E7A60200B6F720 /* YoutubeHome */ = {
			isa = PBXNativeTarget;
			buildConfigurationList = D32D0F4229E7A60300B6F720 /* Build configuration list for PBXNativeTarget "YoutubeHome" */;
			buildPhases = (
				D32D0F1429E7A60200B6F720 /* Sources */,
				D32D0F1529E7A60200B6F720 /* Frameworks */,
				D32D0F1629E7A60200B6F720 /* Resources */,
			);
			buildRules = (
			);
			dependencies = (
			);
			name = YoutubeHome;
			productName = YoutubeHome;
			productReference = D32D0F1829E7A60200B6F720 /* YoutubeHome.app */;
			productType = "com.apple.product-type.application";
		};
		D32D0F2D29E7A60300B6F720 /* YoutubeHomeTests */ = {
			isa = PBXNativeTarget;
			buildConfigurationList = D32D0F4529E7A60300B6F720 /* Build configuration list for PBXNativeTarget "YoutubeHomeTests" */;
			buildPhases = (
				D32D0F2A29E7A60300B6F720 /* Sources */,
				D32D0F2B29E7A60300B6F720 /* Frameworks */,
				D32D0F2C29E7A60300B6F720 /* Resources */,
			);
			buildRules = (
			);
			dependencies = (
				D32D0F3029E7A60300B6F720 /* PBXTargetDependency */,
			);
			name = YoutubeHomeTests;
			productName = YoutubeHomeTests;
			productReference = D32D0F2E29E7A60300B6F720 /* YoutubeHomeTests.xctest */;
			productType = "com.apple.product-type.bundle.unit-test";
		};
		D32D0F3729E7A60300B6F720 /* YoutubeHomeUITests */ = {
			isa = PBXNativeTarget;
			buildConfigurationList = D32D0F4829E7A60300B6F720 /* Build configuration list for PBXNativeTarget "YoutubeHomeUITests" */;
			buildPhases = (
				D32D0F3429E7A60300B6F720 /* Sources */,
				D32D0F3529E7A60300B6F720 /* Frameworks */,
				D32D0F3629E7A60300B6F720 /* Resources */,
			);
			buildRules = (
			);
			dependencies = (
				D32D0F3A29E7A60300B6F720 /* PBXTargetDependency */,
			);
			name = YoutubeHomeUITests;
			productName = YoutubeHomeUITests;
			productReference = D32D0F3829E7A60300B6F720 /* YoutubeHomeUITests.xctest */;
			productType = "com.apple.product-type.bundle.ui-testing";
		};
/* End PBXNativeTarget section */

/* Begin PBXProject section */
		D32D0F1029E7A60200B6F720 /* Project object */ = {
			isa = PBXProject;
			attributes = {
				BuildIndependentTargetsInParallel = 1;
				LastSwiftUpdateCheck = 1430;
				LastUpgradeCheck = 1430;
				TargetAttributes = {
					D32D0F1729E7A60200B6F720 = {
						CreatedOnToolsVersion = 14.3;
					};
					D32D0F2D29E7A60300B6F720 = {
						CreatedOnToolsVersion = 14.3;
						TestTargetID = D32D0F1729E7A60200B6F720;
					};
					D32D0F3729E7A60300B6F720 = {
						CreatedOnToolsVersion = 14.3;
						TestTargetID = D32D0F1729E7A60200B6F720;
					};
				};
			};
			buildConfigurationList = D32D0F1329E7A60200B6F720 /* Build configuration list for PBXProject "YoutubeHome" */;
			compatibilityVersion = "Xcode 14.0";
			developmentRegion = en;
			hasScannedForEncodings = 0;
			knownRegions = (
				en,
				Base,
			);
			mainGroup = D32D0F0F29E7A60200B6F720;
			productRefGroup = D32D0F1929E7A60200B6F720 /* Products */;
			projectDirPath = "";
			projectRoot = "";
			targets = (
				D32D0F1729E7A60200B6F720 /* YoutubeHome */,
				D32D0F2D29E7A60300B6F720 /* YoutubeHomeTests */,
				D32D0F3729E7A60300B6F720 /* YoutubeHomeUITests */,
			);
		};
/* End PBXProject section */

/* Begin PBXResourcesBuildPhase section */
		D32D0F1629E7A60200B6F720 /* Resources */ = {
			isa = PBXResourcesBuildPhase;
			buildActionMask = 2147483647;
			files = (
				D32D0F2829E7A60300B6F720 /* LaunchScreen.storyboard in Resources */,
				D32D0F2529E7A60300B6F720 /* Assets.xcassets in Resources */,
				D32D0F2329E7A60200B6F720 /* Main.storyboard in Resources */,
			);
			runOnlyForDeploymentPostprocessing = 0;
		};
		D32D0F2C29E7A60300B6F720 /* Resources */ = {
			isa = PBXResourcesBuildPhase;
			buildActionMask = 2147483647;
			files = (
			);
			runOnlyForDeploymentPostprocessing = 0;
		};
		D32D0F3629E7A60300B6F720 /* Resources */ = {
			isa = PBXResourcesBuildPhase;
			buildActionMask = 2147483647;
			files = (
			);
			runOnlyForDeploymentPostprocessing = 0;
		};
/* End PBXResourcesBuildPhase section */

/* Begin PBXSourcesBuildPhase section */
		D32D0F1429E7A60200B6F720 /* Sources */ = {
			isa = PBXSourcesBuildPhase;
			buildActionMask = 2147483647;
			files = (
				D32D0F4C29E7A7B000B6F720 /* HomeScreen.swift in Sources */,
				D32D0F2029E7A60200B6F720 /* ViewController.swift in Sources */,
				D32D0F1C29E7A60200B6F720 /* AppDelegate.swift in Sources */,
				D32D0F1E29E7A60200B6F720 /* SceneDelegate.swift in Sources */,
			);
			runOnlyForDeploymentPostprocessing = 0;
		};
		D32D0F2A29E7A60300B6F720 /* Sources */ = {
			isa = PBXSourcesBuildPhase;
			buildActionMask = 2147483647;
			files = (
				D32D0F3329E7A60300B6F720 /* YoutubeHomeTests.swift in Sources */,
			);
			runOnlyForDeploymentPostprocessing = 0;
		};
		D32D0F3429E7A60300B6F720 /* Sources */ = {
			isa = PBXSourcesBuildPhase;
			buildActionMask = 2147483647;
			files = (
				D32D0F3D29E7A60300B6F720 /* YoutubeHomeUITests.swift in Sources */,
				D32D0F3F29E7A60300B6F720 /* YoutubeHomeUITestsLaunchTests.swift in Sources */,
			);
			runOnlyForDeploymentPostprocessing = 0;
		};
/* End PBXSourcesBuildPhase section */

/* Begin PBXTargetDependency section */
		D32D0F3029E7A60300B6F720 /* PBXTargetDependency */ = {
			isa = PBXTargetDependency;
			target = D32D0F1729E7A60200B6F720 /* YoutubeHome */;
			targetProxy = D32D0F2F29E7A60300B6F720 /* PBXContainerItemProxy */;
		};
		D32D0F3A29E7A60300B6F720 /* PBXTargetDependency */ = {
			isa = PBXTargetDependency;
			target = D32D0F1729E7A60200B6F720 /* YoutubeHome */;
			targetProxy = D32D0F3929E7A60300B6F720 /* PBXContainerItemProxy */;
		};
/* End PBXTargetDependency section */

/* Begin PBXVariantGroup section */
		D32D0F2129E7A60200B6F720 /* Main.storyboard */ = {
			isa = PBXVariantGroup;
			children = (
				D32D0F2229E7A60200B6F720 /* Base */,
			);
			name = Main.storyboard;
			sourceTree = "<group>";
		};
		D32D0F2629E7A60300B6F720 /* LaunchScreen.storyboard */ = {
			isa = PBXVariantGroup;
			children = (
				D32D0F2729E7A60300B6F720 /* Base */,
			);
			name = LaunchScreen.storyboard;
			sourceTree = "<group>";
		};
/* End PBXVariantGroup section */

/* Begin XCBuildConfiguration section */
		D32D0F4029E7A60300B6F720 /* Debug */ = {
			isa = XCBuildConfiguration;
			buildSettings = {
				ALWAYS_SEARCH_USER_PATHS = NO;
				CLANG_ANALYZER_NONNULL = YES;
				CLANG_ANALYZER_NUMBER_OBJECT_CONVERSION = YES_AGGRESSIVE;
				CLANG_CXX_LANGUAGE_STANDARD = "gnu++20";
				CLANG_ENABLE_MODULES = YES;
				CLANG_ENABLE_OBJC_ARC = YES;
				CLANG_ENABLE_OBJC_WEAK = YES;
				CLANG_WARN_BLOCK_CAPTURE_AUTORELEASING = YES;
				CLANG_WARN_BOOL_CONVERSION = YES;
				CLANG_WARN_COMMA = YES;
				CLANG_WARN_CONSTANT_CONVERSION = YES;
				CLANG_WARN_DEPRECATED_OBJC_IMPLEMENTATIONS = YES;
				CLANG_WARN_DIRECT_OBJC_ISA_USAGE = YES_ERROR;
				CLANG_WARN_DOCUMENTATION_COMMENTS = YES;
				CLANG_WARN_EMPTY_BODY = YES;
				CLANG_WARN_ENUM_CONVERSION = YES;
				CLANG_WARN_INFINITE_RECURSION = YES;
				CLANG_WARN_INT_CONVERSION = YES;
				CLANG_WARN_NON_LITERAL_NULL_CONVERSION = YES;
				CLANG_WARN_OBJC_IMPLICIT_RETAIN_SELF = YES;
				CLANG_WARN_OBJC_LITERAL_CONVERSION = YES;
				CLANG_WARN_OBJC_ROOT_CLASS = YES_ERROR;
				CLANG_WARN_QUOTED_INCLUDE_IN_FRAMEWORK_HEADER = YES;
				CLANG_WARN_RANGE_LOOP_ANALYSIS = YES;
				CLANG_WARN_STRICT_PROTOTYPES = YES;
				CLANG_WARN_SUSPICIOUS_MOVE = YES;
				CLANG_WARN_UNGUARDED_AVAILABILITY = YES_AGGRESSIVE;
				CLANG_WARN_UNREACHABLE_CODE = YES;
				CLANG_WARN__DUPLICATE_METHOD_MATCH = YES;
				COPY_PHASE_STRIP = NO;
				DEBUG_INFORMATION_FORMAT = dwarf;
				ENABLE_STRICT_OBJC_MSGSEND = YES;
				ENABLE_TESTABILITY = YES;
				GCC_C_LANGUAGE_STANDARD = gnu11;
				GCC_DYNAMIC_NO_PIC = NO;
				GCC_NO_COMMON_BLOCKS = YES;
				GCC_OPTIMIZATION_LEVEL = 0;
				GCC_PREPROCESSOR_DEFINITIONS = (
					"DEBUG=1",
					"$(inherited)",
				);
				GCC_WARN_64_TO_32_BIT_CONVERSION = YES;
				GCC_WARN_ABOUT_RETURN_TYPE = YES_ERROR;
				GCC_WARN_UNDECLARED_SELECTOR = YES;
				GCC_WARN_UNINITIALIZED_AUTOS = YES_AGGRESSIVE;
				GCC_WARN_UNUSED_FUNCTION = YES;
				GCC_WARN_UNUSED_VARIABLE = YES;
				IPHONEOS_DEPLOYMENT_TARGET = 16.4;
				MTL_ENABLE_DEBUG_INFO = INCLUDE_SOURCE;
				MTL_FAST_MATH = YES;
				ONLY_ACTIVE_ARCH = YES;
				SDKROOT = iphoneos;
				SWIFT_ACTIVE_COMPILATION_CONDITIONS = DEBUG;
				SWIFT_OPTIMIZATION_LEVEL = "-Onone";
			};
			name = Debug;
		};
		D32D0F4129E7A60300B6F720 /* Release */ = {
			isa = XCBuildConfiguration;
			buildSettings = {
				ALWAYS_SEARCH_USER_PATHS = NO;
				CLANG_ANALYZER_NONNULL = YES;
				CLANG_ANALYZER_NUMBER_OBJECT_CONVERSION = YES_AGGRESSIVE;
				CLANG_CXX_LANGUAGE_STANDARD = "gnu++20";
				CLANG_ENABLE_MODULES = YES;
				CLANG_ENABLE_OBJC_ARC = YES;
				CLANG_ENABLE_OBJC_WEAK = YES;
				CLANG_WARN_BLOCK_CAPTURE_AUTORELEASING = YES;
				CLANG_WARN_BOOL_CONVERSION = YES;
				CLANG_WARN_COMMA = YES;
				CLANG_WARN_CONSTANT_CONVERSION = YES;
				CLANG_WARN_DEPRECATED_OBJC_IMPLEMENTATIONS = YES;
				CLANG_WARN_DIRECT_OBJC_ISA_USAGE = YES_ERROR;
				CLANG_WARN_DOCUMENTATION_COMMENTS = YES;
				CLANG_WARN_EMPTY_BODY = YES;
				CLANG_WARN_ENUM_CONVERSION = YES;
				CLANG_WARN_INFINITE_RECURSION = YES;
				CLANG_WARN_INT_CONVERSION = YES;
				CLANG_WARN_NON_LITERAL_NULL_CONVERSION = YES;
				CLANG_WARN_OBJC_IMPLICIT_RETAIN_SELF = YES;
				CLANG_WARN_OBJC_LITERAL_CONVERSION = YES;
				CLANG_WARN_OBJC_ROOT_CLASS = YES_ERROR;
				CLANG_WARN_QUOTED_INCLUDE_IN_FRAMEWORK_HEADER = YES;
				CLANG_WARN_RANGE_LOOP_ANALYSIS = YES;
				CLANG_WARN_STRICT_PROTOTYPES = YES;
				CLANG_WARN_SUSPICIOUS_MOVE = YES;
				CLANG_WARN_UNGUARDED_AVAILABILITY = YES_AGGRESSIVE;
				CLANG_WARN_UNREACHABLE_CODE = YES;
				CLANG_WARN__DUPLICATE_METHOD_MATCH = YES;
				COPY_PHASE_STRIP = NO;
				DEBUG_INFORMATION_FORMAT = "dwarf-with-dsym";
				ENABLE_NS_ASSERTIONS = NO;
				ENABLE_STRICT_OBJC_MSGSEND = YES;
				GCC_C_LANGUAGE_STANDARD = gnu11;
				GCC_NO_COMMON_BLOCKS = YES;
				GCC_WARN_64_TO_32_BIT_CONVERSION = YES;
				GCC_WARN_ABOUT_RETURN_TYPE = YES_ERROR;
				GCC_WARN_UNDECLARED_SELECTOR = YES;
				GCC_WARN_UNINITIALIZED_AUTOS = YES_AGGRESSIVE;
				GCC_WARN_UNUSED_FUNCTION = YES;
				GCC_WARN_UNUSED_VARIABLE = YES;
				IPHONEOS_DEPLOYMENT_TARGET = 16.4;
				MTL_ENABLE_DEBUG_INFO = NO;
				MTL_FAST_MATH = YES;
				SDKROOT = iphoneos;
				SWIFT_COMPILATION_MODE = wholemodule;
				SWIFT_OPTIMIZATION_LEVEL = "-O";
				VALIDATE_PRODUCT = YES;
			};
			name = Release;
		};
		D32D0F4329E7A60300B6F720 /* Debug */ = {
			isa = XCBuildConfiguration;
			buildSettings = {
				ASSETCATALOG_COMPILER_APPICON_NAME = AppIcon;
				ASSETCATALOG_COMPILER_GLOBAL_ACCENT_COLOR_NAME = AccentColor;
				CODE_SIGN_STYLE = Automatic;
				CURRENT_PROJECT_VERSION = 1;
				GENERATE_INFOPLIST_FILE = YES;
				INFOPLIST_FILE = YoutubeHome/Info.plist;
				INFOPLIST_KEY_UIApplicationSupportsIndirectInputEvents = YES;
				INFOPLIST_KEY_UILaunchStoryboardName = LaunchScreen;
				INFOPLIST_KEY_UIMainStoryboardFile = Main;
				INFOPLIST_KEY_UISupportedInterfaceOrientations_iPad = "UIInterfaceOrientationPortrait UIInterfaceOrientationPortraitUpsideDown UIInterfaceOrientationLandscapeLeft UIInterfaceOrientationLandscapeRight";
				INFOPLIST_KEY_UISupportedInterfaceOrientations_iPhone = "UIInterfaceOrientationPortrait UIInterfaceOrientationLandscapeLeft UIInterfaceOrientationLandscapeRight";
				LD_RUNPATH_SEARCH_PATHS = (
					"$(inherited)",
					"@executable_path/Frameworks",
				);
				MARKETING_VERSION = 1.0;
				PRODUCT_BUNDLE_IDENTIFIER = com.YoutubeHome;
				PRODUCT_NAME = "$(TARGET_NAME)";
				SWIFT_EMIT_LOC_STRINGS = YES;
				SWIFT_VERSION = 5.0;
				TARGETED_DEVICE_FAMILY = "1,2";
			};
			name = Debug;
		};
		D32D0F4429E7A60300B6F720 /* Release */ = {
			isa = XCBuildConfiguration;
			buildSettings = {
				ASSETCATALOG_COMPILER_APPICON_NAME = AppIcon;
				ASSETCATALOG_COMPILER_GLOBAL_ACCENT_COLOR_NAME = AccentColor;
				CODE_SIGN_STYLE = Automatic;
				CURRENT_PROJECT_VERSION = 1;
				GENERATE_INFOPLIST_FILE = YES;
				INFOPLIST_FILE = YoutubeHome/Info.plist;
				INFOPLIST_KEY_UIApplicationSupportsIndirectInputEvents = YES;
				INFOPLIST_KEY_UILaunchStoryboardName = LaunchScreen;
				INFOPLIST_KEY_UIMainStoryboardFile = Main;
				INFOPLIST_KEY_UISupportedInterfaceOrientations_iPad = "UIInterfaceOrientationPortrait UIInterfaceOrientationPortraitUpsideDown UIInterfaceOrientationLandscapeLeft UIInterfaceOrientationLandscapeRight";
				INFOPLIST_KEY_UISupportedInterfaceOrientations_iPhone = "UIInterfaceOrientationPortrait UIInterfaceOrientationLandscapeLeft UIInterfaceOrientationLandscapeRight";
				LD_RUNPATH_SEARCH_PATHS = (
					"$(inherited)",
					"@executable_path/Frameworks",
				);
				MARKETING_VERSION = 1.0;
				PRODUCT_BUNDLE_IDENTIFIER = com.YoutubeHome;
				PRODUCT_NAME = "$(TARGET_NAME)";
				SWIFT_EMIT_LOC_STRINGS = YES;
				SWIFT_VERSION = 5.0;
				TARGETED_DEVICE_FAMILY = "1,2";
			};
			name = Release;
		};
		D32D0F4629E7A60300B6F720 /* Debug */ = {
			isa = XCBuildConfiguration;
			buildSettings = {
				ALWAYS_EMBED_SWIFT_STANDARD_LIBRARIES = YES;
				BUNDLE_LOADER = "$(TEST_HOST)";
				CODE_SIGN_STYLE = Automatic;
				CURRENT_PROJECT_VERSION = 1;
				GENERATE_INFOPLIST_FILE = YES;
				IPHONEOS_DEPLOYMENT_TARGET = 16.4;
				MARKETING_VERSION = 1.0;
				PRODUCT_BUNDLE_IDENTIFIER = com.YoutubeHomeTests;
				PRODUCT_NAME = "$(TARGET_NAME)";
				SWIFT_EMIT_LOC_STRINGS = NO;
				SWIFT_VERSION = 5.0;
				TARGETED_DEVICE_FAMILY = "1,2";
				TEST_HOST = "$(BUILT_PRODUCTS_DIR)/YoutubeHome.app/$(BUNDLE_EXECUTABLE_FOLDER_PATH)/YoutubeHome";
			};
			name = Debug;
		};
		D32D0F4729E7A60300B6F720 /* Release */ = {
			isa = XCBuildConfiguration;
			buildSettings = {
				ALWAYS_EMBED_SWIFT_STANDARD_LIBRARIES = YES;
				BUNDLE_LOADER = "$(TEST_HOST)";
				CODE_SIGN_STYLE = Automatic;
				CURRENT_PROJECT_VERSION = 1;
				GENERATE_INFOPLIST_FILE = YES;
				IPHONEOS_DEPLOYMENT_TARGET = 16.4;
				MARKETING_VERSION = 1.0;
				PRODUCT_BUNDLE_IDENTIFIER = com.YoutubeHomeTests;
				PRODUCT_NAME = "$(TARGET_NAME)";
				SWIFT_EMIT_LOC_STRINGS = NO;
				SWIFT_VERSION = 5.0;
				TARGETED_DEVICE_FAMILY = "1,2";
				TEST_HOST = "$(BUILT_PRODUCTS_DIR)/YoutubeHome.app/$(BUNDLE_EXECUTABLE_FOLDER_PATH)/YoutubeHome";
			};
			name = Release;
		};
		D32D0F4929E7A60300B6F720 /* Debug */ = {
			isa = XCBuildConfiguration;
			buildSettings = {
				ALWAYS_EMBED_SWIFT_STANDARD_LIBRARIES = YES;
				CODE_SIGN_STYLE = Automatic;
				CURRENT_PROJECT_VERSION = 1;
				GENERATE_INFOPLIST_FILE = YES;
				MARKETING_VERSION = 1.0;
				PRODUCT_BUNDLE_IDENTIFIER = com.YoutubeHomeUITests;
				PRODUCT_NAME = "$(TARGET_NAME)";
				SWIFT_EMIT_LOC_STRINGS = NO;
				SWIFT_VERSION = 5.0;
				TARGETED_DEVICE_FAMILY = "1,2";
				TEST_TARGET_NAME = YoutubeHome;
			};
			name = Debug;
		};
		D32D0F4A29E7A60300B6F720 /* Release */ = {
			isa = XCBuildConfiguration;
			buildSettings = {
				ALWAYS_EMBED_SWIFT_STANDARD_LIBRARIES = YES;
				CODE_SIGN_STYLE = Automatic;
				CURRENT_PROJECT_VERSION = 1;
				GENERATE_INFOPLIST_FILE = YES;
				MARKETING_VERSION = 1.0;
				PRODUCT_BUNDLE_IDENTIFIER = com.YoutubeHomeUITests;
				PRODUCT_NAME = "$(TARGET_NAME)";
				SWIFT_EMIT_LOC_STRINGS = NO;
				SWIFT_VERSION = 5.0;
				TARGETED_DEVICE_FAMILY = "1,2";
				TEST_TARGET_NAME = YoutubeHome;
			};
			name = Release;
		};
/* End XCBuildConfiguration section */

/* Begin XCConfigurationList section */
		D32D0F1329E7A60200B6F720 /* Build configuration list for PBXProject "YoutubeHome" */ = {
			isa = XCConfigurationList;
			buildConfigurations = (
				D32D0F4029E7A60300B6F720 /* Debug */,
				D32D0F4129E7A60300B6F720 /* Release */,
			);
			defaultConfigurationIsVisible = 0;
			defaultConfigurationName = Release;
		};
		D32D0F4229E7A60300B6F720 /* Build configuration list for PBXNativeTarget "YoutubeHome" */ = {
			isa = XCConfigurationList;
			buildConfigurations = (
				D32D0F4329E7A60300B6F720 /* Debug */,
				D32D0F4429E7A60300B6F720 /* Release */,
			);
			defaultConfigurationIsVisible = 0;
			defaultConfigurationName = Release;
		};
		D32D0F4529E7A60300B6F720 /* Build configuration list for PBXNativeTarget "YoutubeHomeTests" */ = {
			isa = XCConfigurationList;
			buildConfigurations = (
				D32D0F4629E7A60300B6F720 /* Debug */,
				D32D0F4729E7A60300B6F720 /* Release */,
			);
			defaultConfigurationIsVisible = 0;
			defaultConfigurationName = Release;
		};
		D32D0F4829E7A60300B6F720 /* Build configuration list for PBXNativeTarget "YoutubeHomeUITests" */ = {
			isa = XCConfigurationList;
			buildConfigurations = (
				D32D0F4929E7A60300B6F720 /* Debug */,
				D32D0F4A29E7A60300B6F720 /* Release */,
			);
			defaultConfigurationIsVisible = 0;
			defaultConfigurationName = Release;
		};
/* End XCConfigurationList section */
	};
	rootObject = D32D0F1029E7A60200B6F720 /* Project object */;
}
